// !$*UTF8*$!
{
	archiveVersion = 1;
	classes = {
	};
	objectVersion = 56;
	objects = {

/* Begin PBXBuildFile section */
		ADDE88D02B6A8812006FC144 /* AppDelegate.swift in Sources */ = {isa = PBXBuildFile; fileRef = ADDE88CF2B6A8812006FC144 /* AppDelegate.swift */; };
		ADDE88D22B6A8812006FC144 /* SceneDelegate.swift in Sources */ = {isa = PBXBuildFile; fileRef = ADDE88D12B6A8812006FC144 /* SceneDelegate.swift */; };
		ADDE88D42B6A8812006FC144 /* TableViewController.swift in Sources */ = {isa = PBXBuildFile; fileRef = ADDE88D32B6A8812006FC144 /* TableViewController.swift */; };
		ADDE88D92B6A8816006FC144 /* Assets.xcassets in Resources */ = {isa = PBXBuildFile; fileRef = ADDE88D82B6A8816006FC144 /* Assets.xcassets */; };
		ADDE88DC2B6A8816006FC144 /* LaunchScreen.storyboard in Resources */ = {isa = PBXBuildFile; fileRef = ADDE88DA2B6A8816006FC144 /* LaunchScreen.storyboard */; };
		ADDE88E62B6A8972006FC144 /* CoordinatorProtocol.swift in Sources */ = {isa = PBXBuildFile; fileRef = ADDE88E52B6A8972006FC144 /* CoordinatorProtocol.swift */; };
		ADDE88E82B6A899E006FC144 /* MainCoordinator.swift in Sources */ = {isa = PBXBuildFile; fileRef = ADDE88E72B6A899E006FC144 /* MainCoordinator.swift */; };
		ADDE88EA2B6A89E6006FC144 /* NotesFlowCoordinator.swift in Sources */ = {isa = PBXBuildFile; fileRef = ADDE88E92B6A89E6006FC144 /* NotesFlowCoordinator.swift */; };
		ADDE88EE2B6A8DC9006FC144 /* NoteViewController.swift in Sources */ = {isa = PBXBuildFile; fileRef = ADDE88ED2B6A8DC9006FC144 /* NoteViewController.swift */; };
		ADDE88F02B6A8E57006FC144 /* TableViewModel.swift in Sources */ = {isa = PBXBuildFile; fileRef = ADDE88EF2B6A8E57006FC144 /* TableViewModel.swift */; };
		ADDE88F22B6A9077006FC144 /* NoteViewModel.swift in Sources */ = {isa = PBXBuildFile; fileRef = ADDE88F12B6A9077006FC144 /* NoteViewModel.swift */; };
		ADDE88F52B6A91C9006FC144 /* TableCell.swift in Sources */ = {isa = PBXBuildFile; fileRef = ADDE88F42B6A91C9006FC144 /* TableCell.swift */; };
		ADDE88F92B6A96B0006FC144 /* Print + extension.swift in Sources */ = {isa = PBXBuildFile; fileRef = ADDE88F82B6A96B0006FC144 /* Print + extension.swift */; };
		ADDE88FB2B6A96E9006FC144 /* UIView + Extension.swift in Sources */ = {isa = PBXBuildFile; fileRef = ADDE88FA2B6A96E9006FC144 /* UIView + Extension.swift */; };
		ADDE88FF2B6A9DFC006FC144 /* Constants.swift in Sources */ = {isa = PBXBuildFile; fileRef = ADDE88FE2B6A9DFC006FC144 /* Constants.swift */; };
		ADDE89062B6B8D3F006FC144 /* Storage.swift in Sources */ = {isa = PBXBuildFile; fileRef = ADDE89052B6B8D3F006FC144 /* Storage.swift */; };
/* End PBXBuildFile section */

/* Begin PBXFileReference section */
		ADDE88CC2B6A8812006FC144 /* NotesByVakula.app */ = {isa = PBXFileReference; explicitFileType = wrapper.application; includeInIndex = 0; path = NotesByVakula.app; sourceTree = BUILT_PRODUCTS_DIR; };
		ADDE88CF2B6A8812006FC144 /* AppDelegate.swift */ = {isa = PBXFileReference; lastKnownFileType = sourcecode.swift; path = AppDelegate.swift; sourceTree = "<group>"; };
		ADDE88D12B6A8812006FC144 /* SceneDelegate.swift */ = {isa = PBXFileReference; lastKnownFileType = sourcecode.swift; path = SceneDelegate.swift; sourceTree = "<group>"; };
		ADDE88D32B6A8812006FC144 /* TableViewController.swift */ = {isa = PBXFileReference; lastKnownFileType = sourcecode.swift; path = TableViewController.swift; sourceTree = "<group>"; };
		ADDE88D82B6A8816006FC144 /* Assets.xcassets */ = {isa = PBXFileReference; lastKnownFileType = folder.assetcatalog; path = Assets.xcassets; sourceTree = "<group>"; };
		ADDE88DB2B6A8816006FC144 /* Base */ = {isa = PBXFileReference; lastKnownFileType = file.storyboard; name = Base; path = Base.lproj/LaunchScreen.storyboard; sourceTree = "<group>"; };
		ADDE88DD2B6A8816006FC144 /* Info.plist */ = {isa = PBXFileReference; lastKnownFileType = text.plist.xml; path = Info.plist; sourceTree = "<group>"; };
		ADDE88E52B6A8972006FC144 /* CoordinatorProtocol.swift */ = {isa = PBXFileReference; lastKnownFileType = sourcecode.swift; path = CoordinatorProtocol.swift; sourceTree = "<group>"; };
		ADDE88E72B6A899E006FC144 /* MainCoordinator.swift */ = {isa = PBXFileReference; lastKnownFileType = sourcecode.swift; path = MainCoordinator.swift; sourceTree = "<group>"; };
		ADDE88E92B6A89E6006FC144 /* NotesFlowCoordinator.swift */ = {isa = PBXFileReference; lastKnownFileType = sourcecode.swift; path = NotesFlowCoordinator.swift; sourceTree = "<group>"; };
		ADDE88ED2B6A8DC9006FC144 /* NoteViewController.swift */ = {isa = PBXFileReference; lastKnownFileType = sourcecode.swift; path = NoteViewController.swift; sourceTree = "<group>"; };
		ADDE88EF2B6A8E57006FC144 /* TableViewModel.swift */ = {isa = PBXFileReference; lastKnownFileType = sourcecode.swift; path = TableViewModel.swift; sourceTree = "<group>"; };
		ADDE88F12B6A9077006FC144 /* NoteViewModel.swift */ = {isa = PBXFileReference; lastKnownFileType = sourcecode.swift; path = NoteViewModel.swift; sourceTree = "<group>"; };
		ADDE88F42B6A91C9006FC144 /* TableCell.swift */ = {isa = PBXFileReference; lastKnownFileType = sourcecode.swift; path = TableCell.swift; sourceTree = "<group>"; };
		ADDE88F82B6A96B0006FC144 /* Print + extension.swift */ = {isa = PBXFileReference; lastKnownFileType = sourcecode.swift; path = "Print + extension.swift"; sourceTree = "<group>"; };
		ADDE88FA2B6A96E9006FC144 /* UIView + Extension.swift */ = {isa = PBXFileReference; lastKnownFileType = sourcecode.swift; path = "UIView + Extension.swift"; sourceTree = "<group>"; };
		ADDE88FE2B6A9DFC006FC144 /* Constants.swift */ = {isa = PBXFileReference; lastKnownFileType = sourcecode.swift; path = Constants.swift; sourceTree = "<group>"; };
		ADDE89052B6B8D3F006FC144 /* Storage.swift */ = {isa = PBXFileReference; lastKnownFileType = sourcecode.swift; path = Storage.swift; sourceTree = "<group>"; };
/* End PBXFileReference section */

/* Begin PBXFrameworksBuildPhase section */
		ADDE88C92B6A8812006FC144 /* Frameworks */ = {
			isa = PBXFrameworksBuildPhase;
			buildActionMask = 2147483647;
			files = (
			);
			runOnlyForDeploymentPostprocessing = 0;
		};
/* End PBXFrameworksBuildPhase section */

/* Begin PBXGroup section */
		ADDE88C32B6A8812006FC144 = {
			isa = PBXGroup;
			children = (
				ADDE88CE2B6A8812006FC144 /* NotesByVakula */,
				ADDE88CD2B6A8812006FC144 /* Products */,
			);
			sourceTree = "<group>";
		};
		ADDE88CD2B6A8812006FC144 /* Products */ = {
			isa = PBXGroup;
			children = (
				ADDE88CC2B6A8812006FC144 /* NotesByVakula.app */,
			);
			name = Products;
			sourceTree = "<group>";
		};
		ADDE88CE2B6A8812006FC144 /* NotesByVakula */ = {
			isa = PBXGroup;
			children = (
				ADDE88E32B6A8938006FC144 /* Application */,
				ADDE88E42B6A894F006FC144 /* Coordinators */,
				ADDE88EB2B6A8D2E006FC144 /* TableViewController */,
				ADDE88EC2B6A8DA8006FC144 /* NoteViewController */,
				ADDE88F32B6A919E006FC144 /* Cell */,
				ADDE88F72B6A9687006FC144 /* Extensions and helpers */,
				ADDE88D82B6A8816006FC144 /* Assets.xcassets */,
				ADDE88DA2B6A8816006FC144 /* LaunchScreen.storyboard */,
				ADDE88DD2B6A8816006FC144 /* Info.plist */,
			);
			path = NotesByVakula;
			sourceTree = "<group>";
		};
		ADDE88E32B6A8938006FC144 /* Application */ = {
			isa = PBXGroup;
			children = (
				ADDE88CF2B6A8812006FC144 /* AppDelegate.swift */,
				ADDE88D12B6A8812006FC144 /* SceneDelegate.swift */,
			);
			path = Application;
			sourceTree = "<group>";
		};
		ADDE88E42B6A894F006FC144 /* Coordinators */ = {
			isa = PBXGroup;
			children = (
				ADDE88E52B6A8972006FC144 /* CoordinatorProtocol.swift */,
				ADDE88E72B6A899E006FC144 /* MainCoordinator.swift */,
				ADDE88E92B6A89E6006FC144 /* NotesFlowCoordinator.swift */,
			);
			path = Coordinators;
			sourceTree = "<group>";
		};
		ADDE88EB2B6A8D2E006FC144 /* TableViewController */ = {
			isa = PBXGroup;
			children = (
				ADDE88D32B6A8812006FC144 /* TableViewController.swift */,
				ADDE88EF2B6A8E57006FC144 /* TableViewModel.swift */,
			);
			path = TableViewController;
			sourceTree = "<group>";
		};
		ADDE88EC2B6A8DA8006FC144 /* NoteViewController */ = {
			isa = PBXGroup;
			children = (
				ADDE88ED2B6A8DC9006FC144 /* NoteViewController.swift */,
				ADDE88F12B6A9077006FC144 /* NoteViewModel.swift */,
			);
			path = NoteViewController;
			sourceTree = "<group>";
		};
		ADDE88F32B6A919E006FC144 /* Cell */ = {
			isa = PBXGroup;
			children = (
				ADDE88F42B6A91C9006FC144 /* TableCell.swift */,
			);
			path = Cell;
			sourceTree = "<group>";
		};
		ADDE88F72B6A9687006FC144 /* Extensions and helpers */ = {
			isa = PBXGroup;
			children = (
				ADDE88F82B6A96B0006FC144 /* Print + extension.swift */,
				ADDE88FA2B6A96E9006FC144 /* UIView + Extension.swift */,
				ADDE88FE2B6A9DFC006FC144 /* Constants.swift */,
				ADDE89052B6B8D3F006FC144 /* Storage.swift */,
			);
			path = "Extensions and helpers";
			sourceTree = "<group>";
		};
/* End PBXGroup section */

/* Begin PBXNativeTarget section */
		ADDE88CB2B6A8812006FC144 /* NotesByVakula */ = {
			isa = PBXNativeTarget;
			buildConfigurationList = ADDE88E02B6A8816006FC144 /* Build configuration list for PBXNativeTarget "NotesByVakula" */;
			buildPhases = (
				ADDE88C82B6A8812006FC144 /* Sources */,
				ADDE88C92B6A8812006FC144 /* Frameworks */,
				ADDE88CA2B6A8812006FC144 /* Resources */,
			);
			buildRules = (
			);
			dependencies = (
			);
			name = NotesByVakula;
			productName = NotesByVakula;
			productReference = ADDE88CC2B6A8812006FC144 /* NotesByVakula.app */;
			productType = "com.apple.product-type.application";
		};
/* End PBXNativeTarget section */

/* Begin PBXProject section */
		ADDE88C42B6A8812006FC144 /* Project object */ = {
			isa = PBXProject;
			attributes = {
				BuildIndependentTargetsInParallel = 1;
				LastSwiftUpdateCheck = 1430;
				LastUpgradeCheck = 1430;
				TargetAttributes = {
					ADDE88CB2B6A8812006FC144 = {
						CreatedOnToolsVersion = 14.3.1;
					};
				};
			};
			buildConfigurationList = ADDE88C72B6A8812006FC144 /* Build configuration list for PBXProject "NotesByVakula" */;
			compatibilityVersion = "Xcode 14.0";
			developmentRegion = en;
			hasScannedForEncodings = 0;
			knownRegions = (
				en,
				Base,
			);
			mainGroup = ADDE88C32B6A8812006FC144;
			productRefGroup = ADDE88CD2B6A8812006FC144 /* Products */;
			projectDirPath = "";
			projectRoot = "";
			targets = (
				ADDE88CB2B6A8812006FC144 /* NotesByVakula */,
			);
		};
/* End PBXProject section */

/* Begin PBXResourcesBuildPhase section */
		ADDE88CA2B6A8812006FC144 /* Resources */ = {
			isa = PBXResourcesBuildPhase;
			buildActionMask = 2147483647;
			files = (
				ADDE88DC2B6A8816006FC144 /* LaunchScreen.storyboard in Resources */,
				ADDE88D92B6A8816006FC144 /* Assets.xcassets in Resources */,
			);
			runOnlyForDeploymentPostprocessing = 0;
		};
/* End PBXResourcesBuildPhase section */

/* Begin PBXSourcesBuildPhase section */
		ADDE88C82B6A8812006FC144 /* Sources */ = {
			isa = PBXSourcesBuildPhase;
			buildActionMask = 2147483647;
			files = (
				ADDE88F52B6A91C9006FC144 /* TableCell.swift in Sources */,
				ADDE88F22B6A9077006FC144 /* NoteViewModel.swift in Sources */,
				ADDE88EE2B6A8DC9006FC144 /* NoteViewController.swift in Sources */,
				ADDE88EA2B6A89E6006FC144 /* NotesFlowCoordinator.swift in Sources */,
				ADDE88D42B6A8812006FC144 /* TableViewController.swift in Sources */,
				ADDE88F02B6A8E57006FC144 /* TableViewModel.swift in Sources */,
				ADDE88D02B6A8812006FC144 /* AppDelegate.swift in Sources */,
				ADDE88E62B6A8972006FC144 /* CoordinatorProtocol.swift in Sources */,
				ADDE88FB2B6A96E9006FC144 /* UIView + Extension.swift in Sources */,
				ADDE88E82B6A899E006FC144 /* MainCoordinator.swift in Sources */,
				ADDE88FF2B6A9DFC006FC144 /* Constants.swift in Sources */,
				ADDE88D22B6A8812006FC144 /* SceneDelegate.swift in Sources */,
				ADDE88F92B6A96B0006FC144 /* Print + extension.swift in Sources */,
				ADDE89062B6B8D3F006FC144 /* Storage.swift in Sources */,
			);
			runOnlyForDeploymentPostprocessing = 0;
		};
/* End PBXSourcesBuildPhase section */

/* Begin PBXVariantGroup section */
		ADDE88DA2B6A8816006FC144 /* LaunchScreen.storyboard */ = {
			isa = PBXVariantGroup;
			children = (
				ADDE88DB2B6A8816006FC144 /* Base */,
			);
			name = LaunchScreen.storyboard;
			sourceTree = "<group>";
		};
/* End PBXVariantGroup section */

/* Begin XCBuildConfiguration section */
		ADDE88DE2B6A8816006FC144 /* Debug */ = {
			isa = XCBuildConfiguration;
			buildSettings = {
				ALWAYS_SEARCH_USER_PATHS = NO;
				CLANG_ANALYZER_NONNULL = YES;
				CLANG_ANALYZER_NUMBER_OBJECT_CONVERSION = YES_AGGRESSIVE;
				CLANG_CXX_LANGUAGE_STANDARD = "gnu++20";
				CLANG_ENABLE_MODULES = YES;
				CLANG_ENABLE_OBJC_ARC = YES;
				CLANG_ENABLE_OBJC_WEAK = YES;
				CLANG_WARN_BLOCK_CAPTURE_AUTORELEASING = YES;
				CLANG_WARN_BOOL_CONVERSION = YES;
				CLANG_WARN_COMMA = YES;
				CLANG_WARN_CONSTANT_CONVERSION = YES;
				CLANG_WARN_DEPRECATED_OBJC_IMPLEMENTATIONS = YES;
				CLANG_WARN_DIRECT_OBJC_ISA_USAGE = YES_ERROR;
				CLANG_WARN_DOCUMENTATION_COMMENTS = YES;
				CLANG_WARN_EMPTY_BODY = YES;
				CLANG_WARN_ENUM_CONVERSION = YES;
				CLANG_WARN_INFINITE_RECURSION = YES;
				CLANG_WARN_INT_CONVERSION = YES;
				CLANG_WARN_NON_LITERAL_NULL_CONVERSION = YES;
				CLANG_WARN_OBJC_IMPLICIT_RETAIN_SELF = YES;
				CLANG_WARN_OBJC_LITERAL_CONVERSION = YES;
				CLANG_WARN_OBJC_ROOT_CLASS = YES_ERROR;
				CLANG_WARN_QUOTED_INCLUDE_IN_FRAMEWORK_HEADER = YES;
				CLANG_WARN_RANGE_LOOP_ANALYSIS = YES;
				CLANG_WARN_STRICT_PROTOTYPES = YES;
				CLANG_WARN_SUSPICIOUS_MOVE = YES;
				CLANG_WARN_UNGUARDED_AVAILABILITY = YES_AGGRESSIVE;
				CLANG_WARN_UNREACHABLE_CODE = YES;
				CLANG_WARN__DUPLICATE_METHOD_MATCH = YES;
				COPY_PHASE_STRIP = NO;
				DEBUG_INFORMATION_FORMAT = dwarf;
				ENABLE_STRICT_OBJC_MSGSEND = YES;
				ENABLE_TESTABILITY = YES;
				GCC_C_LANGUAGE_STANDARD = gnu11;
				GCC_DYNAMIC_NO_PIC = NO;
				GCC_NO_COMMON_BLOCKS = YES;
				GCC_OPTIMIZATION_LEVEL = 0;
				GCC_PREPROCESSOR_DEFINITIONS = (
					"DEBUG=1",
					"$(inherited)",
				);
				GCC_WARN_64_TO_32_BIT_CONVERSION = YES;
				GCC_WARN_ABOUT_RETURN_TYPE = YES_ERROR;
				GCC_WARN_UNDECLARED_SELECTOR = YES;
				GCC_WARN_UNINITIALIZED_AUTOS = YES_AGGRESSIVE;
				GCC_WARN_UNUSED_FUNCTION = YES;
				GCC_WARN_UNUSED_VARIABLE = YES;
				IPHONEOS_DEPLOYMENT_TARGET = 16.4;
				MTL_ENABLE_DEBUG_INFO = INCLUDE_SOURCE;
				MTL_FAST_MATH = YES;
				ONLY_ACTIVE_ARCH = YES;
				SDKROOT = iphoneos;
				SWIFT_ACTIVE_COMPILATION_CONDITIONS = DEBUG;
				SWIFT_OPTIMIZATION_LEVEL = "-Onone";
			};
			name = Debug;
		};
		ADDE88DF2B6A8816006FC144 /* Release */ = {
			isa = XCBuildConfiguration;
			buildSettings = {
				ALWAYS_SEARCH_USER_PATHS = NO;
				CLANG_ANALYZER_NONNULL = YES;
				CLANG_ANALYZER_NUMBER_OBJECT_CONVERSION = YES_AGGRESSIVE;
				CLANG_CXX_LANGUAGE_STANDARD = "gnu++20";
				CLANG_ENABLE_MODULES = YES;
				CLANG_ENABLE_OBJC_ARC = YES;
				CLANG_ENABLE_OBJC_WEAK = YES;
				CLANG_WARN_BLOCK_CAPTURE_AUTORELEASING = YES;
				CLANG_WARN_BOOL_CONVERSION = YES;
				CLANG_WARN_COMMA = YES;
				CLANG_WARN_CONSTANT_CONVERSION = YES;
				CLANG_WARN_DEPRECATED_OBJC_IMPLEMENTATIONS = YES;
				CLANG_WARN_DIRECT_OBJC_ISA_USAGE = YES_ERROR;
				CLANG_WARN_DOCUMENTATION_COMMENTS = YES;
				CLANG_WARN_EMPTY_BODY = YES;
				CLANG_WARN_ENUM_CONVERSION = YES;
				CLANG_WARN_INFINITE_RECURSION = YES;
				CLANG_WARN_INT_CONVERSION = YES;
				CLANG_WARN_NON_LITERAL_NULL_CONVERSION = YES;
				CLANG_WARN_OBJC_IMPLICIT_RETAIN_SELF = YES;
				CLANG_WARN_OBJC_LITERAL_CONVERSION = YES;
				CLANG_WARN_OBJC_ROOT_CLASS = YES_ERROR;
				CLANG_WARN_QUOTED_INCLUDE_IN_FRAMEWORK_HEADER = YES;
				CLANG_WARN_RANGE_LOOP_ANALYSIS = YES;
				CLANG_WARN_STRICT_PROTOTYPES = YES;
				CLANG_WARN_SUSPICIOUS_MOVE = YES;
				CLANG_WARN_UNGUARDED_AVAILABILITY = YES_AGGRESSIVE;
				CLANG_WARN_UNREACHABLE_CODE = YES;
				CLANG_WARN__DUPLICATE_METHOD_MATCH = YES;
				COPY_PHASE_STRIP = NO;
				DEBUG_INFORMATION_FORMAT = "dwarf-with-dsym";
				ENABLE_NS_ASSERTIONS = NO;
				ENABLE_STRICT_OBJC_MSGSEND = YES;
				GCC_C_LANGUAGE_STANDARD = gnu11;
				GCC_NO_COMMON_BLOCKS = YES;
				GCC_WARN_64_TO_32_BIT_CONVERSION = YES;
				GCC_WARN_ABOUT_RETURN_TYPE = YES_ERROR;
				GCC_WARN_UNDECLARED_SELECTOR = YES;
				GCC_WARN_UNINITIALIZED_AUTOS = YES_AGGRESSIVE;
				GCC_WARN_UNUSED_FUNCTION = YES;
				GCC_WARN_UNUSED_VARIABLE = YES;
				IPHONEOS_DEPLOYMENT_TARGET = 16.4;
				MTL_ENABLE_DEBUG_INFO = NO;
				MTL_FAST_MATH = YES;
				SDKROOT = iphoneos;
				SWIFT_COMPILATION_MODE = wholemodule;
				SWIFT_OPTIMIZATION_LEVEL = "-O";
				VALIDATE_PRODUCT = YES;
			};
			name = Release;
		};
		ADDE88E12B6A8816006FC144 /* Debug */ = {
			isa = XCBuildConfiguration;
			buildSettings = {
				ASSETCATALOG_COMPILER_APPICON_NAME = AppIcon;
				ASSETCATALOG_COMPILER_GLOBAL_ACCENT_COLOR_NAME = AccentColor;
				CODE_SIGN_STYLE = Automatic;
				CURRENT_PROJECT_VERSION = 1;
				DEVELOPMENT_TEAM = 994K78QDG8;
				GENERATE_INFOPLIST_FILE = YES;
				INFOPLIST_FILE = NotesByVakula/Info.plist;
				INFOPLIST_KEY_UIApplicationSupportsIndirectInputEvents = YES;
				INFOPLIST_KEY_UILaunchStoryboardName = LaunchScreen;
				INFOPLIST_KEY_UISupportedInterfaceOrientations_iPad = "UIInterfaceOrientationPortrait UIInterfaceOrientationPortraitUpsideDown UIInterfaceOrientationLandscapeLeft UIInterfaceOrientationLandscapeRight";
				INFOPLIST_KEY_UISupportedInterfaceOrientations_iPhone = "UIInterfaceOrientationPortrait UIInterfaceOrientationLandscapeLeft UIInterfaceOrientationLandscapeRight";
				LD_RUNPATH_SEARCH_PATHS = (
					"$(inherited)",
					"@executable_path/Frameworks",
				);
				MARKETING_VERSION = 1.0;
				PRODUCT_BUNDLE_IDENTIFIER = i.NotesByVakula;
				PRODUCT_NAME = "$(TARGET_NAME)";
				SWIFT_EMIT_LOC_STRINGS = YES;
				SWIFT_VERSION = 5.0;
				TARGETED_DEVICE_FAMILY = "1,2";
			};
			name = Debug;
		};
		ADDE88E22B6A8816006FC144 /* Release */ = {
			isa = XCBuildConfiguration;
			buildSettings = {
				ASSETCATALOG_COMPILER_APPICON_NAME = AppIcon;
				ASSETCATALOG_COMPILER_GLOBAL_ACCENT_COLOR_NAME = AccentColor;
				CODE_SIGN_STYLE = Automatic;
				CURRENT_PROJECT_VERSION = 1;
				DEVELOPMENT_TEAM = 994K78QDG8;
				GENERATE_INFOPLIST_FILE = YES;
				INFOPLIST_FILE = NotesByVakula/Info.plist;
				INFOPLIST_KEY_UIApplicationSupportsIndirectInputEvents = YES;
				INFOPLIST_KEY_UILaunchStoryboardName = LaunchScreen;
				INFOPLIST_KEY_UISupportedInterfaceOrientations_iPad = "UIInterfaceOrientationPortrait UIInterfaceOrientationPortraitUpsideDown UIInterfaceOrientationLandscapeLeft UIInterfaceOrientationLandscapeRight";
				INFOPLIST_KEY_UISupportedInterfaceOrientations_iPhone = "UIInterfaceOrientationPortrait UIInterfaceOrientationLandscapeLeft UIInterfaceOrientationLandscapeRight";
				LD_RUNPATH_SEARCH_PATHS = (
					"$(inherited)",
					"@executable_path/Frameworks",
				);
				MARKETING_VERSION = 1.0;
				PRODUCT_BUNDLE_IDENTIFIER = i.NotesByVakula;
				PRODUCT_NAME = "$(TARGET_NAME)";
				SWIFT_EMIT_LOC_STRINGS = YES;
				SWIFT_VERSION = 5.0;
				TARGETED_DEVICE_FAMILY = "1,2";
			};
			name = Release;
		};
/* End XCBuildConfiguration section */

/* Begin XCConfigurationList section */
		ADDE88C72B6A8812006FC144 /* Build configuration list for PBXProject "NotesByVakula" */ = {
			isa = XCConfigurationList;
			buildConfigurations = (
				ADDE88DE2B6A8816006FC144 /* Debug */,
				ADDE88DF2B6A8816006FC144 /* Release */,
			);
			defaultConfigurationIsVisible = 0;
			defaultConfigurationName = Release;
		};
		ADDE88E02B6A8816006FC144 /* Build configuration list for PBXNativeTarget "NotesByVakula" */ = {
			isa = XCConfigurationList;
			buildConfigurations = (
				ADDE88E12B6A8816006FC144 /* Debug */,
				ADDE88E22B6A8816006FC144 /* Release */,
			);
			defaultConfigurationIsVisible = 0;
			defaultConfigurationName = Release;
		};
/* End XCConfigurationList section */
	};
	rootObject = ADDE88C42B6A8812006FC144 /* Project object */;
}
